
Microsoft Visual Studio Solution File, Format Version 12.00
Project("{FAE04EC0-301F-11D3-BF4B-00C04F79EFBC}") = "MSMQHealthCheck", "MSMQHealthCheck\MSMQHealthCheck.csproj", "{F38B584B-C2C0-47CD-B69F-2EBD6A4E9234}"
EndProject
Global
	GlobalSection(SolutionConfigurationPlatforms) = preSolution
		Debug|Any CPU = Debug|Any CPU
		Release|Any CPU = Release|Any CPU
	EndGlobalSection
	GlobalSection(ProjectConfigurationPlatforms) = postSolution
		{F38B584B-C2C0-47CD-B69F-2EBD6A4E9234}.Debug|Any CPU.ActiveCfg = Debug|Any CPU
		{F38B584B-C2C0-47CD-B69F-2EBD6A4E9234}.Debug|Any CPU.Build.0 = Debug|Any CPU
		{F38B584B-C2C0-47CD-B69F-2EBD6A4E9234}.Release|Any CPU.ActiveCfg = Release|Any CPU
		{F38B584B-C2C0-47CD-B69F-2EBD6A4E9234}.Release|Any CPU.Build.0 = Release|Any CPU
	EndGlobalSection
EndGlobal
